
Microsoft Visual Studio Solution File, Format Version 12.00
# Visual Studio Version 17
VisualStudioVersion = 17.11.35303.130
MinimumVisualStudioVersion = 10.0.40219.1
Project("{FAE04EC0-301F-11D3-BF4B-00C04F79EFBC}") = "IVCFB2_HSZF_2024251.Console", "IVCFB2_HSZF_2024251.Console\IVCFB2_HSZF_2024251.Console.csproj", "{49767297-508C-4D92-A3A2-135D41E6F162}"
EndProject
Project("{2150E333-8FDC-42A3-9474-1A3956D46DE8}") = "Presentation", "Presentation", "{9F5EE601-1FCC-4F91-86BE-2FC076E2F24F}"
EndProject
Project("{2150E333-8FDC-42A3-9474-1A3956D46DE8}") = "Infrastructure", "Infrastructure", "{D55A2BAD-A823-4408-A027-A0162AC5E595}"
EndProject
Project("{2150E333-8FDC-42A3-9474-1A3956D46DE8}") = "Application", "Application", "{82ED889F-AC95-4129-8F4F-D536ACE9087D}"
EndProject
Project("{2150E333-8FDC-42A3-9474-1A3956D46DE8}") = "Domain", "Domain", "{44A9D7B2-6716-40FA-8CD9-AFBFB17017A4}"
EndProject
Project("{2150E333-8FDC-42A3-9474-1A3956D46DE8}") = "Tests", "Tests", "{76302068-3717-48AD-AA55-0ADF38D0F2F3}"
EndProject
Project("{FAE04EC0-301F-11D3-BF4B-00C04F79EFBC}") = "IVCFB2_HSZF_2024251.Model", "IVCFB2_HSZF_2024251.Model\IVCFB2_HSZF_2024251.Model.csproj", "{8DB79473-D551-48AD-8928-D92F52E8B7E2}"
EndProject
Project("{FAE04EC0-301F-11D3-BF4B-00C04F79EFBC}") = "IVCFB2_HSZF_2024251.Persistence.MsSql", "IVCFB2_HSZF_2024251.Persistence.MsSql\IVCFB2_HSZF_2024251.Persistence.MsSql.csproj", "{2527DAA3-481A-456A-BE4F-F709AF699AFC}"
EndProject
Project("{FAE04EC0-301F-11D3-BF4B-00C04F79EFBC}") = "IVCFB2_HSZF_2024251.Application", "IVCFB2_HSZF_2024251.Application\IVCFB2_HSZF_2024251.Application.csproj", "{0A779592-EB6B-4F56-811C-D2A8CD717AE6}"
EndProject
Project("{FAE04EC0-301F-11D3-BF4B-00C04F79EFBC}") = "IVCFB2_HSZF_2024251.Test", "IVCFB2_HSZF_2024251.Test\IVCFB2_HSZF_2024251.Test.csproj", "{678E7FB4-C34B-4BEB-B089-99BCBA20D94C}"
EndProject
Global
	GlobalSection(SolutionConfigurationPlatforms) = preSolution
		Debug|Any CPU = Debug|Any CPU
		Release|Any CPU = Release|Any CPU
	EndGlobalSection
	GlobalSection(ProjectConfigurationPlatforms) = postSolution
		{49767297-508C-4D92-A3A2-135D41E6F162}.Debug|Any CPU.ActiveCfg = Debug|Any CPU
		{49767297-508C-4D92-A3A2-135D41E6F162}.Debug|Any CPU.Build.0 = Debug|Any CPU
		{49767297-508C-4D92-A3A2-135D41E6F162}.Release|Any CPU.ActiveCfg = Release|Any CPU
		{49767297-508C-4D92-A3A2-135D41E6F162}.Release|Any CPU.Build.0 = Release|Any CPU
		{8DB79473-D551-48AD-8928-D92F52E8B7E2}.Debug|Any CPU.ActiveCfg = Debug|Any CPU
		{8DB79473-D551-48AD-8928-D92F52E8B7E2}.Debug|Any CPU.Build.0 = Debug|Any CPU
		{8DB79473-D551-48AD-8928-D92F52E8B7E2}.Release|Any CPU.ActiveCfg = Release|Any CPU
		{8DB79473-D551-48AD-8928-D92F52E8B7E2}.Release|Any CPU.Build.0 = Release|Any CPU
		{2527DAA3-481A-456A-BE4F-F709AF699AFC}.Debug|Any CPU.ActiveCfg = Debug|Any CPU
		{2527DAA3-481A-456A-BE4F-F709AF699AFC}.Debug|Any CPU.Build.0 = Debug|Any CPU
		{2527DAA3-481A-456A-BE4F-F709AF699AFC}.Release|Any CPU.ActiveCfg = Release|Any CPU
		{2527DAA3-481A-456A-BE4F-F709AF699AFC}.Release|Any CPU.Build.0 = Release|Any CPU
		{0A779592-EB6B-4F56-811C-D2A8CD717AE6}.Debug|Any CPU.ActiveCfg = Debug|Any CPU
		{0A779592-EB6B-4F56-811C-D2A8CD717AE6}.Debug|Any CPU.Build.0 = Debug|Any CPU
		{0A779592-EB6B-4F56-811C-D2A8CD717AE6}.Release|Any CPU.ActiveCfg = Release|Any CPU
		{0A779592-EB6B-4F56-811C-D2A8CD717AE6}.Release|Any CPU.Build.0 = Release|Any CPU
		{678E7FB4-C34B-4BEB-B089-99BCBA20D94C}.Debug|Any CPU.ActiveCfg = Debug|Any CPU
		{678E7FB4-C34B-4BEB-B089-99BCBA20D94C}.Debug|Any CPU.Build.0 = Debug|Any CPU
		{678E7FB4-C34B-4BEB-B089-99BCBA20D94C}.Release|Any CPU.ActiveCfg = Release|Any CPU
		{678E7FB4-C34B-4BEB-B089-99BCBA20D94C}.Release|Any CPU.Build.0 = Release|Any CPU
	EndGlobalSection
	GlobalSection(SolutionProperties) = preSolution
		HideSolutionNode = FALSE
	EndGlobalSection
	GlobalSection(NestedProjects) = preSolution
		{49767297-508C-4D92-A3A2-135D41E6F162} = {9F5EE601-1FCC-4F91-86BE-2FC076E2F24F}
		{8DB79473-D551-48AD-8928-D92F52E8B7E2} = {44A9D7B2-6716-40FA-8CD9-AFBFB17017A4}
		{2527DAA3-481A-456A-BE4F-F709AF699AFC} = {D55A2BAD-A823-4408-A027-A0162AC5E595}
		{0A779592-EB6B-4F56-811C-D2A8CD717AE6} = {82ED889F-AC95-4129-8F4F-D536ACE9087D}
		{678E7FB4-C34B-4BEB-B089-99BCBA20D94C} = {76302068-3717-48AD-AA55-0ADF38D0F2F3}
	EndGlobalSection
	GlobalSection(ExtensibilityGlobals) = postSolution
		SolutionGuid = {77B7E59E-BC93-401A-A05E-35B2A4CC5600}
	EndGlobalSection
EndGlobal
